
Microsoft Visual Studio Solution File, Format Version 12.00
# Blend for Visual Studio Version 17
VisualStudioVersion = 17.3.32804.467
MinimumVisualStudioVersion = 10.0.40219.1
Project("{FAE04EC0-301F-11D3-BF4B-00C04F79EFBC}") = "Shoprite Ghana Limited", "Shoprite Ghana Limited\Shoprite Ghana Limited.csproj", "{CC970592-5F69-400A-9E73-758BBEF7EB37}"
EndProject
Global
	GlobalSection(SolutionConfigurationPlatforms) = preSolution
		Debug|Any CPU = Debug|Any CPU
		Release|Any CPU = Release|Any CPU
	EndGlobalSection
	GlobalSection(ProjectConfigurationPlatforms) = postSolution
		{CC970592-5F69-400A-9E73-758BBEF7EB37}.Debug|Any CPU.ActiveCfg = Debug|Any CPU
		{CC970592-5F69-400A-9E73-758BBEF7EB37}.Debug|Any CPU.Build.0 = Debug|Any CPU
		{CC970592-5F69-400A-9E73-758BBEF7EB37}.Release|Any CPU.ActiveCfg = Release|Any CPU
		{CC970592-5F69-400A-9E73-758BBEF7EB37}.Release|Any CPU.Build.0 = Release|Any CPU
	EndGlobalSection
	GlobalSection(SolutionProperties) = preSolution
		HideSolutionNode = FALSE
	EndGlobalSection
	GlobalSection(ExtensibilityGlobals) = postSolution
		SolutionGuid = {F6289FED-3DC4-4089-884C-2194A4CA88A4}
	EndGlobalSection
EndGlobal
